
Microsoft Visual Studio Solution File, Format Version 12.00
# Visual Studio Version 17
VisualStudioVersion = 17.6.33815.320
MinimumVisualStudioVersion = 10.0.40219.1
Project("{FAE04EC0-301F-11D3-BF4B-00C04F79EFBC}") = "18.10async", "18.10async\18.10async.csproj", "{CC6FF0E3-AF5E-4499-916A-DCB66948B000}"
EndProject
Project("{FAE04EC0-301F-11D3-BF4B-00C04F79EFBC}") = "Fabric_await_sql", "Fabric_await_sql\Fabric_await_sql.csproj", "{0E50E505-292B-4870-9888-95444F88C810}"
EndProject
Global
	GlobalSection(SolutionConfigurationPlatforms) = preSolution
		Debug|Any CPU = Debug|Any CPU
		Release|Any CPU = Release|Any CPU
	EndGlobalSection
	GlobalSection(ProjectConfigurationPlatforms) = postSolution
		{CC6FF0E3-AF5E-4499-916A-DCB66948B000}.Debug|Any CPU.ActiveCfg = Debug|Any CPU
		{CC6FF0E3-AF5E-4499-916A-DCB66948B000}.Debug|Any CPU.Build.0 = Debug|Any CPU
		{CC6FF0E3-AF5E-4499-916A-DCB66948B000}.Release|Any CPU.ActiveCfg = Release|Any CPU
		{CC6FF0E3-AF5E-4499-916A-DCB66948B000}.Release|Any CPU.Build.0 = Release|Any CPU
		{0E50E505-292B-4870-9888-95444F88C810}.Debug|Any CPU.ActiveCfg = Debug|Any CPU
		{0E50E505-292B-4870-9888-95444F88C810}.Debug|Any CPU.Build.0 = Debug|Any CPU
		{0E50E505-292B-4870-9888-95444F88C810}.Release|Any CPU.ActiveCfg = Release|Any CPU
		{0E50E505-292B-4870-9888-95444F88C810}.Release|Any CPU.Build.0 = Release|Any CPU
	EndGlobalSection
	GlobalSection(SolutionProperties) = preSolution
		HideSolutionNode = FALSE
	EndGlobalSection
	GlobalSection(ExtensibilityGlobals) = postSolution
		SolutionGuid = {4A95B65F-47BA-4244-ADD3-2D5432C57F38}
	EndGlobalSection
EndGlobal
